
Microsoft Visual Studio Solution File, Format Version 12.00
# Visual Studio Version 17
VisualStudioVersion = 17.14.36121.58 d17.14
MinimumVisualStudioVersion = 10.0.40219.1
Project("{FAE04EC0-301F-11D3-BF4B-00C04F79EFBC}") = "APILaboratorios", "APILaboratorios\APILaboratorios.csproj", "{AF4C758A-EB90-4575-846B-8163C9E4AE4F}"
EndProject
Global
	GlobalSection(SolutionConfigurationPlatforms) = preSolution
		Debug|Any CPU = Debug|Any CPU
		Release|Any CPU = Release|Any CPU
	EndGlobalSection
	GlobalSection(ProjectConfigurationPlatforms) = postSolution
		{AF4C758A-EB90-4575-846B-8163C9E4AE4F}.Debug|Any CPU.ActiveCfg = Debug|Any CPU
		{AF4C758A-EB90-4575-846B-8163C9E4AE4F}.Debug|Any CPU.Build.0 = Debug|Any CPU
		{AF4C758A-EB90-4575-846B-8163C9E4AE4F}.Release|Any CPU.ActiveCfg = Release|Any CPU
		{AF4C758A-EB90-4575-846B-8163C9E4AE4F}.Release|Any CPU.Build.0 = Release|Any CPU
	EndGlobalSection
	GlobalSection(SolutionProperties) = preSolution
		HideSolutionNode = FALSE
	EndGlobalSection
	GlobalSection(ExtensibilityGlobals) = postSolution
		SolutionGuid = {3613A54D-9ECE-49E2-A8CA-494FC63DEE8D}
	EndGlobalSection
EndGlobal
